
Microsoft Visual Studio Solution File, Format Version 12.00
# Visual Studio Version 16
VisualStudioVersion = 16.0.31402.337
MinimumVisualStudioVersion = 10.0.40219.1
Project("{9A19103F-16F7-4668-BE54-9A1E7A4F7556}") = "PaymentService", "Payment\PaymentService.csproj", "{BAA985A3-3301-4684-BBD7-F8BA41F3D962}"
EndProject
Global
	GlobalSection(SolutionConfigurationPlatforms) = preSolution
		Debug|Any CPU = Debug|Any CPU
		Release|Any CPU = Release|Any CPU
	EndGlobalSection
	GlobalSection(ProjectConfigurationPlatforms) = postSolution
		{BAA985A3-3301-4684-BBD7-F8BA41F3D962}.Debug|Any CPU.ActiveCfg = Debug|Any CPU
		{BAA985A3-3301-4684-BBD7-F8BA41F3D962}.Debug|Any CPU.Build.0 = Debug|Any CPU
		{BAA985A3-3301-4684-BBD7-F8BA41F3D962}.Release|Any CPU.ActiveCfg = Release|Any CPU
		{BAA985A3-3301-4684-BBD7-F8BA41F3D962}.Release|Any CPU.Build.0 = Release|Any CPU
	EndGlobalSection
	GlobalSection(SolutionProperties) = preSolution
		HideSolutionNode = FALSE
	EndGlobalSection
	GlobalSection(ExtensibilityGlobals) = postSolution
		SolutionGuid = {72724C22-6E06-4B88-B38F-4B9F218A2A7C}
	EndGlobalSection
EndGlobal
