
Microsoft Visual Studio Solution File, Format Version 12.00
# Visual Studio Version 16
VisualStudioVersion = 16.0.31402.337
MinimumVisualStudioVersion = 10.0.40219.1
Project("{FAE04EC0-301F-11D3-BF4B-00C04F79EFBC}") = "Gateway", "Gateway\Gateway.csproj", "{EEA725E3-8FA3-4829-93F2-8B886EB26E74}"
EndProject
Global
	GlobalSection(SolutionConfigurationPlatforms) = preSolution
		Debug|Any CPU = Debug|Any CPU
		Release|Any CPU = Release|Any CPU
	EndGlobalSection
	GlobalSection(ProjectConfigurationPlatforms) = postSolution
		{EEA725E3-8FA3-4829-93F2-8B886EB26E74}.Debug|Any CPU.ActiveCfg = Debug|Any CPU
		{EEA725E3-8FA3-4829-93F2-8B886EB26E74}.Debug|Any CPU.Build.0 = Debug|Any CPU
		{EEA725E3-8FA3-4829-93F2-8B886EB26E74}.Release|Any CPU.ActiveCfg = Release|Any CPU
		{EEA725E3-8FA3-4829-93F2-8B886EB26E74}.Release|Any CPU.Build.0 = Release|Any CPU
	EndGlobalSection
	GlobalSection(SolutionProperties) = preSolution
		HideSolutionNode = FALSE
	EndGlobalSection
	GlobalSection(ExtensibilityGlobals) = postSolution
		SolutionGuid = {E416F15F-FAF7-4C66-9654-E9284045C2D7}
	EndGlobalSection
EndGlobal
