
Microsoft Visual Studio Solution File, Format Version 12.00
# Visual Studio Version 16
VisualStudioVersion = 16.0.31729.503
MinimumVisualStudioVersion = 10.0.40219.1
Project("{FAE04EC0-301F-11D3-BF4B-00C04F79EFBC}") = "UgovorOZakupuWebAPI", "UgovorOZakupuWebAPI\UgovorOZakupuWebAPI.csproj", "{A513D0E3-499B-4497-88BE-00192CF2A40D}"
EndProject
Global
	GlobalSection(SolutionConfigurationPlatforms) = preSolution
		Debug|Any CPU = Debug|Any CPU
		Release|Any CPU = Release|Any CPU
	EndGlobalSection
	GlobalSection(ProjectConfigurationPlatforms) = postSolution
		{A513D0E3-499B-4497-88BE-00192CF2A40D}.Debug|Any CPU.ActiveCfg = Debug|Any CPU
		{A513D0E3-499B-4497-88BE-00192CF2A40D}.Debug|Any CPU.Build.0 = Debug|Any CPU
		{A513D0E3-499B-4497-88BE-00192CF2A40D}.Release|Any CPU.ActiveCfg = Release|Any CPU
		{A513D0E3-499B-4497-88BE-00192CF2A40D}.Release|Any CPU.Build.0 = Release|Any CPU
	EndGlobalSection
	GlobalSection(SolutionProperties) = preSolution
		HideSolutionNode = FALSE
	EndGlobalSection
	GlobalSection(ExtensibilityGlobals) = postSolution
		SolutionGuid = {A9164104-5022-463C-A8C6-33A81F513D29}
	EndGlobalSection
EndGlobal
